hash: fb159bc9dde22069ceda57e04568ed0aeef3edfaaf5734042c02886ce0daf4e3
updated: 2018-06-12T13:53:51.202866886+08:00
imports:
- name: github.com/aliyun/aliyun-oss-go-sdk
  version: 52de7239022ceba47354832fbcc65983aa8d019d
  subpackages:
  - oss
- name: github.com/widuu/goini
  version: 56a38bd2e09b9c1cbf849ab1404e74b33a9d9593
testImports: []
